// !$*UTF8*$!
{
	archiveVersion = 1;
	classes = {
	};
	objectVersion = 48;
	objects = {

/* Begin PBXBuildFile section */
		295C2D431F9C97880033AC5C /* RACCommandTestViewController.m in Sources */ = {isa = PBXBuildFile; fileRef = 295C2D421F9C97880033AC5C /* RACCommandTestViewController.m */; };
		295C2D471F9C99150033AC5C /* MainViewController.m in Sources */ = {isa = PBXBuildFile; fileRef = 295C2D461F9C99150033AC5C /* MainViewController.m */; };
		295C2D501F9CD8230033AC5C /* PragmaViewController.m in Sources */ = {isa = PBXBuildFile; fileRef = 295C2D4F1F9CD8220033AC5C /* PragmaViewController.m */; };
		298FE6461F9D816900B63490 /* MetaProgramViewController.m in Sources */ = {isa = PBXBuildFile; fileRef = 298FE6451F9D816900B63490 /* MetaProgramViewController.m */; };
		3EEC99BF177B5DE47636FB3E /* libPods-RACMVVMTests.a in Frameworks */ = {isa = PBXBuildFile; fileRef = C2121821E52972C8A0D6B47E /* libPods-RACMVVMTests.a */; };
		A69D43E81F90CFCA00787C66 /* AppDelegate.m in Sources */ = {isa = PBXBuildFile; fileRef = A69D43E71F90CFCA00787C66 /* AppDelegate.m */; };
		A69D43EB1F90CFCA00787C66 /* LoginViewController.m in Sources */ = {isa = PBXBuildFile; fileRef = A69D43EA1F90CFCA00787C66 /* LoginViewController.m */; };
		A69D43EE1F90CFCA00787C66 /* Main.storyboard in Resources */ = {isa = PBXBuildFile; fileRef = A69D43EC1F90CFCA00787C66 /* Main.storyboard */; };
		A69D43F01F90CFCA00787C66 /* Assets.xcassets in Resources */ = {isa = PBXBuildFile; fileRef = A69D43EF1F90CFCA00787C66 /* Assets.xcassets */; };
		A69D43F31F90CFCA00787C66 /* LaunchScreen.storyboard in Resources */ = {isa = PBXBuildFile; fileRef = A69D43F11F90CFCA00787C66 /* LaunchScreen.storyboard */; };
		A69D43F61F90CFCA00787C66 /* main.m in Sources */ = {isa = PBXBuildFile; fileRef = A69D43F51F90CFCA00787C66 /* main.m */; };
		A69D44001F90CFCA00787C66 /* RACMVVMTests.m in Sources */ = {isa = PBXBuildFile; fileRef = A69D43FF1F90CFCA00787C66 /* RACMVVMTests.m */; };
		A69D440D1F933FCB00787C66 /* MVVMViewController.m in Sources */ = {isa = PBXBuildFile; fileRef = A69D440B1F933FCB00787C66 /* MVVMViewController.m */; };
		A69D440E1F933FCB00787C66 /* MVVMViewController.xib in Resources */ = {isa = PBXBuildFile; fileRef = A69D440C1F933FCB00787C66 /* MVVMViewController.xib */; };
		A69D44111F93414C00787C66 /* TanLoginViewModel.m in Sources */ = {isa = PBXBuildFile; fileRef = A69D44101F93414C00787C66 /* TanLoginViewModel.m */; };
		A69D44141F93421A00787C66 /* TanNetworker.m in Sources */ = {isa = PBXBuildFile; fileRef = A69D44131F93421A00787C66 /* TanNetworker.m */; };
		A69D44181F93584200787C66 /* RACCommandTest.m in Sources */ = {isa = PBXBuildFile; fileRef = A69D44171F93584200787C66 /* RACCommandTest.m */; };
		A9DA9F53DC024C3A7AE919F4 /* libPods-RACMVVM.a in Frameworks */ = {isa = PBXBuildFile; fileRef = 4F2C79B52FABD6770C122060 /* libPods-RACMVVM.a */; };
/* End PBXBuildFile section */

/* Begin PBXBuildRule section */
		295C2D4C1F9CC90F0033AC5C /* PBXBuildRule */ = {
			isa = PBXBuildRule;
			compilerSpec = com.apple.compilers.proxy.script;
			fileType = folder.assetcatalog;
			isEditable = 1;
			outputFiles = (
			);
			script = "# actool\n";
		};
/* End PBXBuildRule section */

/* Begin PBXContainerItemProxy section */
		A69D43FC1F90CFCA00787C66 /* PBXContainerItemProxy */ = {
			isa = PBXContainerItemProxy;
			containerPortal = A69D43DB1F90CFCA00787C66 /* Project object */;
			proxyType = 1;
			remoteGlobalIDString = A69D43E21F90CFCA00787C66;
			remoteInfo = RACMVVM;
		};
/* End PBXContainerItemProxy section */

/* Begin PBXFileReference section */
		08C311BF50171B3F15D98E37 /* Pods-RACMVVM.debug.xcconfig */ = {isa = PBXFileReference; includeInIndex = 1; lastKnownFileType = text.xcconfig; name = "Pods-RACMVVM.debug.xcconfig"; path = "Pods/Target Support Files/Pods-RACMVVM/Pods-RACMVVM.debug.xcconfig"; sourceTree = "<group>"; };
		295C2D411F9C97880033AC5C /* RACCommandTestViewController.h */ = {isa = PBXFileReference; lastKnownFileType = sourcecode.c.h; path = RACCommandTestViewController.h; sourceTree = "<group>"; };
		295C2D421F9C97880033AC5C /* RACCommandTestViewController.m */ = {isa = PBXFileReference; lastKnownFileType = sourcecode.c.objc; path = RACCommandTestViewController.m; sourceTree = "<group>"; };
		295C2D451F9C99150033AC5C /* MainViewController.h */ = {isa = PBXFileReference; lastKnownFileType = sourcecode.c.h; path = MainViewController.h; sourceTree = "<group>"; };
		295C2D461F9C99150033AC5C /* MainViewController.m */ = {isa = PBXFileReference; lastKnownFileType = sourcecode.c.objc; path = MainViewController.m; sourceTree = "<group>"; };
		295C2D4E1F9CD8220033AC5C /* PragmaViewController.h */ = {isa = PBXFileReference; lastKnownFileType = sourcecode.c.h; path = PragmaViewController.h; sourceTree = "<group>"; };
		295C2D4F1F9CD8220033AC5C /* PragmaViewController.m */ = {isa = PBXFileReference; lastKnownFileType = sourcecode.c.objc; path = PragmaViewController.m; sourceTree = "<group>"; };
		298FE6441F9D816900B63490 /* MetaProgramViewController.h */ = {isa = PBXFileReference; lastKnownFileType = sourcecode.c.h; path = MetaProgramViewController.h; sourceTree = "<group>"; };
		298FE6451F9D816900B63490 /* MetaProgramViewController.m */ = {isa = PBXFileReference; lastKnownFileType = sourcecode.c.objc; path = MetaProgramViewController.m; sourceTree = "<group>"; };
		4F2C79B52FABD6770C122060 /* libPods-RACMVVM.a */ = {isa = PBXFileReference; explicitFileType = archive.ar; includeInIndex = 0; path = "libPods-RACMVVM.a"; sourceTree = BUILT_PRODUCTS_DIR; };
		904B620CD57D7F8FCB3BB48B /* Pods-RACMVVMTests.release.xcconfig */ = {isa = PBXFileReference; includeInIndex = 1; lastKnownFileType = text.xcconfig; name = "Pods-RACMVVMTests.release.xcconfig"; path = "Pods/Target Support Files/Pods-RACMVVMTests/Pods-RACMVVMTests.release.xcconfig"; sourceTree = "<group>"; };
		A3884927B7F9AD9B46526431 /* Pods-RACMVVM.release.xcconfig */ = {isa = PBXFileReference; includeInIndex = 1; lastKnownFileType = text.xcconfig; name = "Pods-RACMVVM.release.xcconfig"; path = "Pods/Target Support Files/Pods-RACMVVM/Pods-RACMVVM.release.xcconfig"; sourceTree = "<group>"; };
		A69D43E31F90CFCA00787C66 /* RACMVVM.app */ = {isa = PBXFileReference; explicitFileType = wrapper.application; includeInIndex = 0; path = RACMVVM.app; sourceTree = BUILT_PRODUCTS_DIR; };
		A69D43E61F90CFCA00787C66 /* AppDelegate.h */ = {isa = PBXFileReference; lastKnownFileType = sourcecode.c.h; path = AppDelegate.h; sourceTree = "<group>"; };
		A69D43E71F90CFCA00787C66 /* AppDelegate.m */ = {isa = PBXFileReference; lastKnownFileType = sourcecode.c.objc; path = AppDelegate.m; sourceTree = "<group>"; };
		A69D43E91F90CFCA00787C66 /* LoginViewController.h */ = {isa = PBXFileReference; lastKnownFileType = sourcecode.c.h; path = LoginViewController.h; sourceTree = "<group>"; };
		A69D43EA1F90CFCA00787C66 /* LoginViewController.m */ = {isa = PBXFileReference; lastKnownFileType = sourcecode.c.objc; path = LoginViewController.m; sourceTree = "<group>"; };
		A69D43ED1F90CFCA00787C66 /* Base */ = {isa = PBXFileReference; lastKnownFileType = file.storyboard; name = Base; path = Base.lproj/Main.storyboard; sourceTree = "<group>"; };
		A69D43EF1F90CFCA00787C66 /* Assets.xcassets */ = {isa = PBXFileReference; lastKnownFileType = folder.assetcatalog; path = Assets.xcassets; sourceTree = "<group>"; };
		A69D43F21F90CFCA00787C66 /* Base */ = {isa = PBXFileReference; lastKnownFileType = file.storyboard; name = Base; path = Base.lproj/LaunchScreen.storyboard; sourceTree = "<group>"; };
		A69D43F41F90CFCA00787C66 /* Info.plist */ = {isa = PBXFileReference; lastKnownFileType = text.plist.xml; path = Info.plist; sourceTree = "<group>"; };
		A69D43F51F90CFCA00787C66 /* main.m */ = {isa = PBXFileReference; lastKnownFileType = sourcecode.c.objc; path = main.m; sourceTree = "<group>"; };
		A69D43FB1F90CFCA00787C66 /* RACMVVMTests.xctest */ = {isa = PBXFileReference; explicitFileType = wrapper.cfbundle; includeInIndex = 0; path = RACMVVMTests.xctest; sourceTree = BUILT_PRODUCTS_DIR; };
		A69D43FF1F90CFCA00787C66 /* RACMVVMTests.m */ = {isa = PBXFileReference; lastKnownFileType = sourcecode.c.objc; path = RACMVVMTests.m; sourceTree = "<group>"; };
		A69D44011F90CFCA00787C66 /* Info.plist */ = {isa = PBXFileReference; lastKnownFileType = text.plist.xml; path = Info.plist; sourceTree = "<group>"; };
		A69D440A1F933FCB00787C66 /* MVVMViewController.h */ = {isa = PBXFileReference; lastKnownFileType = sourcecode.c.h; path = MVVMViewController.h; sourceTree = "<group>"; };
		A69D440B1F933FCB00787C66 /* MVVMViewController.m */ = {isa = PBXFileReference; lastKnownFileType = sourcecode.c.objc; path = MVVMViewController.m; sourceTree = "<group>"; };
		A69D440C1F933FCB00787C66 /* MVVMViewController.xib */ = {isa = PBXFileReference; lastKnownFileType = file.xib; path = MVVMViewController.xib; sourceTree = "<group>"; };
		A69D440F1F93414C00787C66 /* TanLoginViewModel.h */ = {isa = PBXFileReference; lastKnownFileType = sourcecode.c.h; path = TanLoginViewModel.h; sourceTree = "<group>"; };
		A69D44101F93414C00787C66 /* TanLoginViewModel.m */ = {isa = PBXFileReference; lastKnownFileType = sourcecode.c.objc; path = TanLoginViewModel.m; sourceTree = "<group>"; };
		A69D44121F93421A00787C66 /* TanNetworker.h */ = {isa = PBXFileReference; lastKnownFileType = sourcecode.c.h; path = TanNetworker.h; sourceTree = "<group>"; };
		A69D44131F93421A00787C66 /* TanNetworker.m */ = {isa = PBXFileReference; lastKnownFileType = sourcecode.c.objc; path = TanNetworker.m; sourceTree = "<group>"; };
		A69D44161F93584200787C66 /* RACCommandTest.h */ = {isa = PBXFileReference; lastKnownFileType = sourcecode.c.h; path = RACCommandTest.h; sourceTree = "<group>"; };
		A69D44171F93584200787C66 /* RACCommandTest.m */ = {isa = PBXFileReference; lastKnownFileType = sourcecode.c.objc; path = RACCommandTest.m; sourceTree = "<group>"; };
		C2121821E52972C8A0D6B47E /* libPods-RACMVVMTests.a */ = {isa = PBXFileReference; explicitFileType = archive.ar; includeInIndex = 0; path = "libPods-RACMVVMTests.a"; sourceTree = BUILT_PRODUCTS_DIR; };
		C6C09B629E28BC8BC1416D8E /* Pods-RACMVVMTests.debug.xcconfig */ = {isa = PBXFileReference; includeInIndex = 1; lastKnownFileType = text.xcconfig; name = "Pods-RACMVVMTests.debug.xcconfig"; path = "Pods/Target Support Files/Pods-RACMVVMTests/Pods-RACMVVMTests.debug.xcconfig"; sourceTree = "<group>"; };
/* End PBXFileReference section */

/* Begin PBXFrameworksBuildPhase section */
		A69D43E01F90CFCA00787C66 /* Frameworks */ = {
			isa = PBXFrameworksBuildPhase;
			buildActionMask = 2147483647;
			files = (
				A9DA9F53DC024C3A7AE919F4 /* libPods-RACMVVM.a in Frameworks */,
			);
			runOnlyForDeploymentPostprocessing = 0;
		};
		A69D43F81F90CFCA00787C66 /* Frameworks */ = {
			isa = PBXFrameworksBuildPhase;
			buildActionMask = 2147483647;
			files = (
				3EEC99BF177B5DE47636FB3E /* libPods-RACMVVMTests.a in Frameworks */,
			);
			runOnlyForDeploymentPostprocessing = 0;
		};
/* End PBXFrameworksBuildPhase section */

/* Begin PBXGroup section */
		19CF0CD68E315880141114FF /* Pods */ = {
			isa = PBXGroup;
			children = (
				08C311BF50171B3F15D98E37 /* Pods-RACMVVM.debug.xcconfig */,
				A3884927B7F9AD9B46526431 /* Pods-RACMVVM.release.xcconfig */,
				C6C09B629E28BC8BC1416D8E /* Pods-RACMVVMTests.debug.xcconfig */,
				904B620CD57D7F8FCB3BB48B /* Pods-RACMVVMTests.release.xcconfig */,
			);
			name = Pods;
			sourceTree = "<group>";
		};
		295C2D401F9C97660033AC5C /* RACCommand */ = {
			isa = PBXGroup;
			children = (
				A69D44161F93584200787C66 /* RACCommandTest.h */,
				A69D44171F93584200787C66 /* RACCommandTest.m */,
				295C2D411F9C97880033AC5C /* RACCommandTestViewController.h */,
				295C2D421F9C97880033AC5C /* RACCommandTestViewController.m */,
			);
			path = RACCommand;
			sourceTree = "<group>";
		};
		295C2D441F9C98EB0033AC5C /* Masonry */ = {
			isa = PBXGroup;
			children = (
				A69D43E91F90CFCA00787C66 /* LoginViewController.h */,
				A69D43EA1F90CFCA00787C66 /* LoginViewController.m */,
			);
			path = Masonry;
			sourceTree = "<group>";
		};
		295C2D481F9C99550033AC5C /* main */ = {
			isa = PBXGroup;
			children = (
				295C2D451F9C99150033AC5C /* MainViewController.h */,
				295C2D461F9C99150033AC5C /* MainViewController.m */,
			);
			path = main;
			sourceTree = "<group>";
		};
		295C2D491F9C996A0033AC5C /* supporting */ = {
			isa = PBXGroup;
			children = (
				A69D43E61F90CFCA00787C66 /* AppDelegate.h */,
				A69D43E71F90CFCA00787C66 /* AppDelegate.m */,
				A69D43EC1F90CFCA00787C66 /* Main.storyboard */,
				A69D43EF1F90CFCA00787C66 /* Assets.xcassets */,
				A69D43F11F90CFCA00787C66 /* LaunchScreen.storyboard */,
				A69D43F41F90CFCA00787C66 /* Info.plist */,
				A69D43F51F90CFCA00787C66 /* main.m */,
			);
			path = supporting;
			sourceTree = "<group>";
		};
		295C2D4D1F9CD8120033AC5C /* pragma */ = {
			isa = PBXGroup;
			children = (
				295C2D4E1F9CD8220033AC5C /* PragmaViewController.h */,
				295C2D4F1F9CD8220033AC5C /* PragmaViewController.m */,
			);
			path = pragma;
			sourceTree = "<group>";
		};
		298FE6431F9D815300B63490 /* metaprogram */ = {
			isa = PBXGroup;
			children = (
				298FE6441F9D816900B63490 /* MetaProgramViewController.h */,
				298FE6451F9D816900B63490 /* MetaProgramViewController.m */,
			);
			path = metaprogram;
			sourceTree = "<group>";
		};
		5EDDAB560CD5F2B5011540DF /* Frameworks */ = {
			isa = PBXGroup;
			children = (
				4F2C79B52FABD6770C122060 /* libPods-RACMVVM.a */,
				C2121821E52972C8A0D6B47E /* libPods-RACMVVMTests.a */,
			);
			name = Frameworks;
			sourceTree = "<group>";
		};
		A69D43DA1F90CFCA00787C66 = {
			isa = PBXGroup;
			children = (
				A69D43E51F90CFCA00787C66 /* RACMVVM */,
				A69D43FE1F90CFCA00787C66 /* RACMVVMTests */,
				A69D43E41F90CFCA00787C66 /* Products */,
				19CF0CD68E315880141114FF /* Pods */,
				5EDDAB560CD5F2B5011540DF /* Frameworks */,
			);
			sourceTree = "<group>";
		};
		A69D43E41F90CFCA00787C66 /* Products */ = {
			isa = PBXGroup;
			children = (
				A69D43E31F90CFCA00787C66 /* RACMVVM.app */,
				A69D43FB1F90CFCA00787C66 /* RACMVVMTests.xctest */,
			);
			name = Products;
			sourceTree = "<group>";
		};
		A69D43E51F90CFCA00787C66 /* RACMVVM */ = {
			isa = PBXGroup;
			children = (
				298FE6431F9D815300B63490 /* metaprogram */,
				295C2D4D1F9CD8120033AC5C /* pragma */,
				295C2D441F9C98EB0033AC5C /* Masonry */,
				295C2D401F9C97660033AC5C /* RACCommand */,
				A69D44151F9342A800787C66 /* loginMvvm */,
				295C2D481F9C99550033AC5C /* main */,
				295C2D491F9C996A0033AC5C /* supporting */,
			);
			path = RACMVVM;
			sourceTree = "<group>";
		};
		A69D43FE1F90CFCA00787C66 /* RACMVVMTests */ = {
			isa = PBXGroup;
			children = (
				A69D43FF1F90CFCA00787C66 /* RACMVVMTests.m */,
				A69D44011F90CFCA00787C66 /* Info.plist */,
			);
			path = RACMVVMTests;
			sourceTree = "<group>";
		};
		A69D44151F9342A800787C66 /* loginMvvm */ = {
			isa = PBXGroup;
			children = (
				A69D440A1F933FCB00787C66 /* MVVMViewController.h */,
				A69D440B1F933FCB00787C66 /* MVVMViewController.m */,
				A69D440C1F933FCB00787C66 /* MVVMViewController.xib */,
				A69D440F1F93414C00787C66 /* TanLoginViewModel.h */,
				A69D44101F93414C00787C66 /* TanLoginViewModel.m */,
				A69D44121F93421A00787C66 /* TanNetworker.h */,
				A69D44131F93421A00787C66 /* TanNetworker.m */,
			);
			path = loginMvvm;
			sourceTree = "<group>";
		};
/* End PBXGroup section */

/* Begin PBXNativeTarget section */
		A69D43E21F90CFCA00787C66 /* RACMVVM */ = {
			isa = PBXNativeTarget;
			buildConfigurationList = A69D44041F90CFCA00787C66 /* Build configuration list for PBXNativeTarget "RACMVVM" */;
			buildPhases = (
				32CAC5C433FAAAD7A8C7FA74 /* [CP] Check Pods Manifest.lock */,
				A69D43DF1F90CFCA00787C66 /* Sources */,
				A69D43E01F90CFCA00787C66 /* Frameworks */,
				A69D43E11F90CFCA00787C66 /* Resources */,
				7C0D0E4B4A87C3A964FA7027 /* [CP] Embed Pods Frameworks */,
				A688016FA26AEE343747120C /* [CP] Copy Pods Resources */,
			);
			buildRules = (
				295C2D4C1F9CC90F0033AC5C /* PBXBuildRule */,
			);
			dependencies = (
			);
			name = RACMVVM;
			productName = RACMVVM;
			productReference = A69D43E31F90CFCA00787C66 /* RACMVVM.app */;
			productType = "com.apple.product-type.application";
		};
		A69D43FA1F90CFCA00787C66 /* RACMVVMTests */ = {
			isa = PBXNativeTarget;
			buildConfigurationList = A69D44071F90CFCA00787C66 /* Build configuration list for PBXNativeTarget "RACMVVMTests" */;
			buildPhases = (
				D96510EAB5CF9B78E3CCC273 /* [CP] Check Pods Manifest.lock */,
				A69D43F71F90CFCA00787C66 /* Sources */,
				A69D43F81F90CFCA00787C66 /* Frameworks */,
				A69D43F91F90CFCA00787C66 /* Resources */,
				C5F5B70C3E8064BA6EFB4AB2 /* [CP] Embed Pods Frameworks */,
				37A21DEAE5914B24ADF04FAE /* [CP] Copy Pods Resources */,
			);
			buildRules = (
			);
			dependencies = (
				A69D43FD1F90CFCA00787C66 /* PBXTargetDependency */,
			);
			name = RACMVVMTests;
			productName = RACMVVMTests;
			productReference = A69D43FB1F90CFCA00787C66 /* RACMVVMTests.xctest */;
			productType = "com.apple.product-type.bundle.unit-test";
		};
/* End PBXNativeTarget section */

/* Begin PBXProject section */
		A69D43DB1F90CFCA00787C66 /* Project object */ = {
			isa = PBXProject;
			attributes = {
				LastUpgradeCheck = 0900;
				ORGANIZATIONNAME = Shuizhu;
				TargetAttributes = {
					A69D43E21F90CFCA00787C66 = {
						CreatedOnToolsVersion = 9.0;
						ProvisioningStyle = Automatic;
					};
					A69D43FA1F90CFCA00787C66 = {
						CreatedOnToolsVersion = 9.0;
						ProvisioningStyle = Automatic;
						TestTargetID = A69D43E21F90CFCA00787C66;
					};
				};
			};
			buildConfigurationList = A69D43DE1F90CFCA00787C66 /* Build configuration list for PBXProject "RACMVVM" */;
			compatibilityVersion = "Xcode 8.0";
			developmentRegion = en;
			hasScannedForEncodings = 0;
			knownRegions = (
				en,
				Base,
			);
			mainGroup = A69D43DA1F90CFCA00787C66;
			productRefGroup = A69D43E41F90CFCA00787C66 /* Products */;
			projectDirPath = "";
			projectRoot = "";
			targets = (
				A69D43E21F90CFCA00787C66 /* RACMVVM */,
				A69D43FA1F90CFCA00787C66 /* RACMVVMTests */,
			);
		};
/* End PBXProject section */

/* Begin PBXResourcesBuildPhase section */
		A69D43E11F90CFCA00787C66 /* Resources */ = {
			isa = PBXResourcesBuildPhase;
			buildActionMask = 2147483647;
			files = (
				A69D440E1F933FCB00787C66 /* MVVMViewController.xib in Resources */,
				A69D43F31F90CFCA00787C66 /* LaunchScreen.storyboard in Resources */,
				A69D43F01F90CFCA00787C66 /* Assets.xcassets in Resources */,
				A69D43EE1F90CFCA00787C66 /* Main.storyboard in Resources */,
			);
			runOnlyForDeploymentPostprocessing = 0;
		};
		A69D43F91F90CFCA00787C66 /* Resources */ = {
			isa = PBXResourcesBuildPhase;
			buildActionMask = 2147483647;
			files = (
			);
			runOnlyForDeploymentPostprocessing = 0;
		};
/* End PBXResourcesBuildPhase section */

/* Begin PBXShellScriptBuildPhase section */
		32CAC5C433FAAAD7A8C7FA74 /* [CP] Check Pods Manifest.lock */ = {
			isa = PBXShellScriptBuildPhase;
			buildActionMask = 2147483647;
			files = (
			);
			inputPaths = (
				"${PODS_PODFILE_DIR_PATH}/Podfile.lock",
				"${PODS_ROOT}/Manifest.lock",
			);
			name = "[CP] Check Pods Manifest.lock";
			outputPaths = (
				"$(DERIVED_FILE_DIR)/Pods-RACMVVM-checkManifestLockResult.txt",
			);
			runOnlyForDeploymentPostprocessing = 0;
			shellPath = /bin/sh;
			shellScript = "diff \"${PODS_PODFILE_DIR_PATH}/Podfile.lock\" \"${PODS_ROOT}/Manifest.lock\" > /dev/null\nif [ $? != 0 ] ; then\n    # print error to STDERR\n    echo \"error: The sandbox is not in sync with the Podfile.lock. Run 'pod install' or update your CocoaPods installation.\" >&2\n    exit 1\nfi\n# This output is used by Xcode 'outputs' to avoid re-running this script phase.\necho \"SUCCESS\" > \"${SCRIPT_OUTPUT_FILE_0}\"\n";
			showEnvVarsInLog = 0;
		};
		37A21DEAE5914B24ADF04FAE /* [CP] Copy Pods Resources */ = {
			isa = PBXShellScriptBuildPhase;
			buildActionMask = 2147483647;
			files = (
			);
			inputPaths = (
			);
			name = "[CP] Copy Pods Resources";
			outputPaths = (
			);
			runOnlyForDeploymentPostprocessing = 0;
			shellPath = /bin/sh;
			shellScript = "\"${SRCROOT}/Pods/Target Support Files/Pods-RACMVVMTests/Pods-RACMVVMTests-resources.sh\"\n";
			showEnvVarsInLog = 0;
		};
		7C0D0E4B4A87C3A964FA7027 /* [CP] Embed Pods Frameworks */ = {
			isa = PBXShellScriptBuildPhase;
			buildActionMask = 2147483647;
			files = (
			);
			inputPaths = (
			);
			name = "[CP] Embed Pods Frameworks";
			outputPaths = (
			);
			runOnlyForDeploymentPostprocessing = 0;
			shellPath = /bin/sh;
			shellScript = "\"${SRCROOT}/Pods/Target Support Files/Pods-RACMVVM/Pods-RACMVVM-frameworks.sh\"\n";
			showEnvVarsInLog = 0;
		};
		A688016FA26AEE343747120C /* [CP] Copy Pods Resources */ = {
			isa = PBXShellScriptBuildPhase;
			buildActionMask = 2147483647;
			files = (
			);
			inputPaths = (
			);
			name = "[CP] Copy Pods Resources";
			outputPaths = (
			);
			runOnlyForDeploymentPostprocessing = 0;
			shellPath = /bin/sh;
			shellScript = "\"${SRCROOT}/Pods/Target Support Files/Pods-RACMVVM/Pods-RACMVVM-resources.sh\"\n";
			showEnvVarsInLog = 0;
		};
		C5F5B70C3E8064BA6EFB4AB2 /* [CP] Embed Pods Frameworks */ = {
			isa = PBXShellScriptBuildPhase;
			buildActionMask = 2147483647;
			files = (
			);
			inputPaths = (
			);
			name = "[CP] Embed Pods Frameworks";
			outputPaths = (
			);
			runOnlyForDeploymentPostprocessing = 0;
			shellPath = /bin/sh;
			shellScript = "\"${SRCROOT}/Pods/Target Support Files/Pods-RACMVVMTests/Pods-RACMVVMTests-frameworks.sh\"\n";
			showEnvVarsInLog = 0;
		};
		D96510EAB5CF9B78E3CCC273 /* [CP] Check Pods Manifest.lock */ = {
			isa = PBXShellScriptBuildPhase;
			buildActionMask = 2147483647;
			files = (
			);
			inputPaths = (
				"${PODS_PODFILE_DIR_PATH}/Podfile.lock",
				"${PODS_ROOT}/Manifest.lock",
			);
			name = "[CP] Check Pods Manifest.lock";
			outputPaths = (
				"$(DERIVED_FILE_DIR)/Pods-RACMVVMTests-checkManifestLockResult.txt",
			);
			runOnlyForDeploymentPostprocessing = 0;
			shellPath = /bin/sh;
			shellScript = "diff \"${PODS_PODFILE_DIR_PATH}/Podfile.lock\" \"${PODS_ROOT}/Manifest.lock\" > /dev/null\nif [ $? != 0 ] ; then\n    # print error to STDERR\n    echo \"error: The sandbox is not in sync with the Podfile.lock. Run 'pod install' or update your CocoaPods installation.\" >&2\n    exit 1\nfi\n# This output is used by Xcode 'outputs' to avoid re-running this script phase.\necho \"SUCCESS\" > \"${SCRIPT_OUTPUT_FILE_0}\"\n";
			showEnvVarsInLog = 0;
		};
/* End PBXShellScriptBuildPhase section */

/* Begin PBXSourcesBuildPhase section */
		A69D43DF1F90CFCA00787C66 /* Sources */ = {
			isa = PBXSourcesBuildPhase;
			buildActionMask = 2147483647;
			files = (
				298FE6461F9D816900B63490 /* MetaProgramViewController.m in Sources */,
				A69D44111F93414C00787C66 /* TanLoginViewModel.m in Sources */,
				A69D44141F93421A00787C66 /* TanNetworker.m in Sources */,
				A69D440D1F933FCB00787C66 /* MVVMViewController.m in Sources */,
				A69D43EB1F90CFCA00787C66 /* LoginViewController.m in Sources */,
				295C2D471F9C99150033AC5C /* MainViewController.m in Sources */,
				A69D43F61F90CFCA00787C66 /* main.m in Sources */,
				295C2D431F9C97880033AC5C /* RACCommandTestViewController.m in Sources */,
				A69D43E81F90CFCA00787C66 /* AppDelegate.m in Sources */,
				295C2D501F9CD8230033AC5C /* PragmaViewController.m in Sources */,
				A69D44181F93584200787C66 /* RACCommandTest.m in Sources */,
			);
			runOnlyForDeploymentPostprocessing = 0;
		};
		A69D43F71F90CFCA00787C66 /* Sources */ = {
			isa = PBXSourcesBuildPhase;
			buildActionMask = 2147483647;
			files = (
				A69D44001F90CFCA00787C66 /* RACMVVMTests.m in Sources */,
			);
			runOnlyForDeploymentPostprocessing = 0;
		};
/* End PBXSourcesBuildPhase section */

/* Begin PBXTargetDependency section */
		A69D43FD1F90CFCA00787C66 /* PBXTargetDependency */ = {
			isa = PBXTargetDependency;
			target = A69D43E21F90CFCA00787C66 /* RACMVVM */;
			targetProxy = A69D43FC1F90CFCA00787C66 /* PBXContainerItemProxy */;
		};
/* End PBXTargetDependency section */

/* Begin PBXVariantGroup section */
		A69D43EC1F90CFCA00787C66 /* Main.storyboard */ = {
			isa = PBXVariantGroup;
			children = (
				A69D43ED1F90CFCA00787C66 /* Base */,
			);
			name = Main.storyboard;
			sourceTree = "<group>";
		};
		A69D43F11F90CFCA00787C66 /* LaunchScreen.storyboard */ = {
			isa = PBXVariantGroup;
			children = (
				A69D43F21F90CFCA00787C66 /* Base */,
			);
			name = LaunchScreen.storyboard;
			sourceTree = "<group>";
		};
/* End PBXVariantGroup section */

/* Begin XCBuildConfiguration section */
		A69D44021F90CFCA00787C66 /* Debug */ = {
			isa = XCBuildConfiguration;
			buildSettings = {
				ALWAYS_SEARCH_USER_PATHS = NO;
				CLANG_ANALYZER_NONNULL = YES;
				CLANG_ANALYZER_NUMBER_OBJECT_CONVERSION = YES_AGGRESSIVE;
				CLANG_CXX_LANGUAGE_STANDARD = "gnu++14";
				CLANG_CXX_LIBRARY = "libc++";
				CLANG_ENABLE_MODULES = YES;
				CLANG_ENABLE_OBJC_ARC = YES;
				CLANG_WARN_BLOCK_CAPTURE_AUTORELEASING = YES;
				CLANG_WARN_BOOL_CONVERSION = YES;
				CLANG_WARN_COMMA = YES;
				CLANG_WARN_CONSTANT_CONVERSION = YES;
				CLANG_WARN_DIRECT_OBJC_ISA_USAGE = YES_ERROR;
				CLANG_WARN_DOCUMENTATION_COMMENTS = YES;
				CLANG_WARN_EMPTY_BODY = YES;
				CLANG_WARN_ENUM_CONVERSION = YES;
				CLANG_WARN_INFINITE_RECURSION = YES;
				CLANG_WARN_INT_CONVERSION = YES;
				CLANG_WARN_NON_LITERAL_NULL_CONVERSION = YES;
				CLANG_WARN_OBJC_LITERAL_CONVERSION = YES;
				CLANG_WARN_OBJC_ROOT_CLASS = YES_ERROR;
				CLANG_WARN_RANGE_LOOP_ANALYSIS = YES;
				CLANG_WARN_STRICT_PROTOTYPES = YES;
				CLANG_WARN_SUSPICIOUS_MOVE = YES;
				CLANG_WARN_UNGUARDED_AVAILABILITY = YES_AGGRESSIVE;
				CLANG_WARN_UNREACHABLE_CODE = YES;
				CLANG_WARN__DUPLICATE_METHOD_MATCH = YES;
				CODE_SIGN_IDENTITY = "iPhone Developer";
				COPY_PHASE_STRIP = NO;
				DEBUG_INFORMATION_FORMAT = dwarf;
				ENABLE_STRICT_OBJC_MSGSEND = YES;
				ENABLE_TESTABILITY = YES;
				GCC_C_LANGUAGE_STANDARD = gnu11;
				GCC_DYNAMIC_NO_PIC = NO;
				GCC_NO_COMMON_BLOCKS = YES;
				GCC_OPTIMIZATION_LEVEL = 0;
				GCC_PREPROCESSOR_DEFINITIONS = (
					"DEBUG=1",
					"$(inherited)",
				);
				GCC_WARN_64_TO_32_BIT_CONVERSION = YES;
				GCC_WARN_ABOUT_RETURN_TYPE = YES_ERROR;
				GCC_WARN_UNDECLARED_SELECTOR = YES;
				GCC_WARN_UNINITIALIZED_AUTOS = YES_AGGRESSIVE;
				GCC_WARN_UNUSED_FUNCTION = YES;
				GCC_WARN_UNUSED_VARIABLE = YES;
				IPHONEOS_DEPLOYMENT_TARGET = 11.0;
				MTL_ENABLE_DEBUG_INFO = YES;
				ONLY_ACTIVE_ARCH = YES;
				SDKROOT = iphoneos;
			};
			name = Debug;
		};
		A69D44031F90CFCA00787C66 /* Release */ = {
			isa = XCBuildConfiguration;
			buildSettings = {
				ALWAYS_SEARCH_USER_PATHS = NO;
				CLANG_ANALYZER_NONNULL = YES;
				CLANG_ANALYZER_NUMBER_OBJECT_CONVERSION = YES_AGGRESSIVE;
				CLANG_CXX_LANGUAGE_STANDARD = "gnu++14";
				CLANG_CXX_LIBRARY = "libc++";
				CLANG_ENABLE_MODULES = YES;
				CLANG_ENABLE_OBJC_ARC = YES;
				CLANG_WARN_BLOCK_CAPTURE_AUTORELEASING = YES;
				CLANG_WARN_BOOL_CONVERSION = YES;
				CLANG_WARN_COMMA = YES;
				CLANG_WARN_CONSTANT_CONVERSION = YES;
				CLANG_WARN_DIRECT_OBJC_ISA_USAGE = YES_ERROR;
				CLANG_WARN_DOCUMENTATION_COMMENTS = YES;
				CLANG_WARN_EMPTY_BODY = YES;
				CLANG_WARN_ENUM_CONVERSION = YES;
				CLANG_WARN_INFINITE_RECURSION = YES;
				CLANG_WARN_INT_CONVERSION = YES;
				CLANG_WARN_NON_LITERAL_NULL_CONVERSION = YES;
				CLANG_WARN_OBJC_LITERAL_CONVERSION = YES;
				CLANG_WARN_OBJC_ROOT_CLASS = YES_ERROR;
				CLANG_WARN_RANGE_LOOP_ANALYSIS = YES;
				CLANG_WARN_STRICT_PROTOTYPES = YES;
				CLANG_WARN_SUSPICIOUS_MOVE = YES;
				CLANG_WARN_UNGUARDED_AVAILABILITY = YES_AGGRESSIVE;
				CLANG_WARN_UNREACHABLE_CODE = YES;
				CLANG_WARN__DUPLICATE_METHOD_MATCH = YES;
				CODE_SIGN_IDENTITY = "iPhone Developer";
				COPY_PHASE_STRIP = NO;
				DEBUG_INFORMATION_FORMAT = "dwarf-with-dsym";
				ENABLE_NS_ASSERTIONS = NO;
				ENABLE_STRICT_OBJC_MSGSEND = YES;
				GCC_C_LANGUAGE_STANDARD = gnu11;
				GCC_NO_COMMON_BLOCKS = YES;
				GCC_WARN_64_TO_32_BIT_CONVERSION = YES;
				GCC_WARN_ABOUT_RETURN_TYPE = YES_ERROR;
				GCC_WARN_UNDECLARED_SELECTOR = YES;
				GCC_WARN_UNINITIALIZED_AUTOS = YES_AGGRESSIVE;
				GCC_WARN_UNUSED_FUNCTION = YES;
				GCC_WARN_UNUSED_VARIABLE = YES;
				IPHONEOS_DEPLOYMENT_TARGET = 11.0;
				MTL_ENABLE_DEBUG_INFO = NO;
				SDKROOT = iphoneos;
				VALIDATE_PRODUCT = YES;
			};
			name = Release;
		};
		A69D44051F90CFCA00787C66 /* Debug */ = {
			isa = XCBuildConfiguration;
			baseConfigurationReference = 08C311BF50171B3F15D98E37 /* Pods-RACMVVM.debug.xcconfig */;
			buildSettings = {
				ASSETCATALOG_COMPILER_APPICON_NAME = AppIcon;
				CODE_SIGN_STYLE = Automatic;
				DEVELOPMENT_TEAM = 9MRTAS9UAP;
				GCC_TREAT_WARNINGS_AS_ERRORS = NO;
				INFOPLIST_FILE = "$(SRCROOT)/RACMVVM/supporting/Info.plist";
				IPHONEOS_DEPLOYMENT_TARGET = 8.0;
				LD_RUNPATH_SEARCH_PATHS = "$(inherited) @executable_path/Frameworks";
				PRODUCT_BUNDLE_IDENTIFIER = com.shuizhu.RACMVVM;
				PRODUCT_NAME = "$(TARGET_NAME)";
				TARGETED_DEVICE_FAMILY = "1,2";
			};
			name = Debug;
		};
		A69D44061F90CFCA00787C66 /* Release */ = {
			isa = XCBuildConfiguration;
			baseConfigurationReference = A3884927B7F9AD9B46526431 /* Pods-RACMVVM.release.xcconfig */;
			buildSettings = {
				ASSETCATALOG_COMPILER_APPICON_NAME = AppIcon;
				CODE_SIGN_STYLE = Automatic;
				DEVELOPMENT_TEAM = 9MRTAS9UAP;
				GCC_TREAT_WARNINGS_AS_ERRORS = NO;
				INFOPLIST_FILE = "$(SRCROOT)/RACMVVM/supporting/Info.plist";
				IPHONEOS_DEPLOYMENT_TARGET = 8.0;
				LD_RUNPATH_SEARCH_PATHS = "$(inherited) @executable_path/Frameworks";
				PRODUCT_BUNDLE_IDENTIFIER = com.shuizhu.RACMVVM;
				PRODUCT_NAME = "$(TARGET_NAME)";
				TARGETED_DEVICE_FAMILY = "1,2";
			};
			name = Release;
		};
		A69D44081F90CFCA00787C66 /* Debug */ = {
			isa = XCBuildConfiguration;
			baseConfigurationReference = C6C09B629E28BC8BC1416D8E /* Pods-RACMVVMTests.debug.xcconfig */;
			buildSettings = {
				BUNDLE_LOADER = "$(TEST_HOST)";
				CODE_SIGN_STYLE = Automatic;
				DEVELOPMENT_TEAM = 9MRTAS9UAP;
				INFOPLIST_FILE = RACMVVMTests/Info.plist;
				LD_RUNPATH_SEARCH_PATHS = "$(inherited) @executable_path/Frameworks @loader_path/Frameworks";
				PRODUCT_BUNDLE_IDENTIFIER = com.shuizhu.RACMVVMTests;
				PRODUCT_NAME = "$(TARGET_NAME)";
				TARGETED_DEVICE_FAMILY = "1,2";
				TEST_HOST = "$(BUILT_PRODUCTS_DIR)/RACMVVM.app/RACMVVM";
			};
			name = Debug;
		};
		A69D44091F90CFCA00787C66 /* Release */ = {
			isa = XCBuildConfiguration;
			baseConfigurationReference = 904B620CD57D7F8FCB3BB48B /* Pods-RACMVVMTests.release.xcconfig */;
			buildSettings = {
				BUNDLE_LOADER = "$(TEST_HOST)";
				CODE_SIGN_STYLE = Automatic;
				DEVELOPMENT_TEAM = 9MRTAS9UAP;
				INFOPLIST_FILE = RACMVVMTests/Info.plist;
				LD_RUNPATH_SEARCH_PATHS = "$(inherited) @executable_path/Frameworks @loader_path/Frameworks";
				PRODUCT_BUNDLE_IDENTIFIER = com.shuizhu.RACMVVMTests;
				PRODUCT_NAME = "$(TARGET_NAME)";
				TARGETED_DEVICE_FAMILY = "1,2";
				TEST_HOST = "$(BUILT_PRODUCTS_DIR)/RACMVVM.app/RACMVVM";
			};
			name = Release;
		};
/* End XCBuildConfiguration section */

/* Begin XCConfigurationList section */
		A69D43DE1F90CFCA00787C66 /* Build configuration list for PBXProject "RACMVVM" */ = {
			isa = XCConfigurationList;
			buildConfigurations = (
				A69D44021F90CFCA00787C66 /* Debug */,
				A69D44031F90CFCA00787C66 /* Release */,
			);
			defaultConfigurationIsVisible = 0;
			defaultConfigurationName = Release;
		};
		A69D44041F90CFCA00787C66 /* Build configuration list for PBXNativeTarget "RACMVVM" */ = {
			isa = XCConfigurationList;
			buildConfigurations = (
				A69D44051F90CFCA00787C66 /* Debug */,
				A69D44061F90CFCA00787C66 /* Release */,
			);
			defaultConfigurationIsVisible = 0;
			defaultConfigurationName = Release;
		};
		A69D44071F90CFCA00787C66 /* Build configuration list for PBXNativeTarget "RACMVVMTests" */ = {
			isa = XCConfigurationList;
			buildConfigurations = (
				A69D44081F90CFCA00787C66 /* Debug */,
				A69D44091F90CFCA00787C66 /* Release */,
			);
			defaultConfigurationIsVisible = 0;
			defaultConfigurationName = Release;
		};
/* End XCConfigurationList section */
	};
	rootObject = A69D43DB1F90CFCA00787C66 /* Project object */;
}
